
Microsoft Visual Studio Solution File, Format Version 12.00
# Visual Studio Version 17
VisualStudioVersion = 17.4.33110.190
MinimumVisualStudioVersion = 10.0.40219.1
Project("{FAE04EC0-301F-11D3-BF4B-00C04F79EFBC}") = "StudentWebAPI", "StudentWebAPI\StudentWebAPI.csproj", "{76151904-DBD2-4C67-9286-F0995D9AD673}"
EndProject
Global
	GlobalSection(SolutionConfigurationPlatforms) = preSolution
		Debug|Any CPU = Debug|Any CPU
		Release|Any CPU = Release|Any CPU
	EndGlobalSection
	GlobalSection(ProjectConfigurationPlatforms) = postSolution
		{76151904-DBD2-4C67-9286-F0995D9AD673}.Debug|Any CPU.ActiveCfg = Debug|Any CPU
		{76151904-DBD2-4C67-9286-F0995D9AD673}.Debug|Any CPU.Build.0 = Debug|Any CPU
		{76151904-DBD2-4C67-9286-F0995D9AD673}.Release|Any CPU.ActiveCfg = Release|Any CPU
		{76151904-DBD2-4C67-9286-F0995D9AD673}.Release|Any CPU.Build.0 = Release|Any CPU
	EndGlobalSection
	GlobalSection(SolutionProperties) = preSolution
		HideSolutionNode = FALSE
	EndGlobalSection
	GlobalSection(ExtensibilityGlobals) = postSolution
		SolutionGuid = {08588D7E-7384-45C4-BBD7-321732870FCC}
	EndGlobalSection
EndGlobal
